
Microsoft Visual Studio Solution File, Format Version 12.00
# Visual Studio Version 16
VisualStudioVersion = 16.0.33214.272
MinimumVisualStudioVersion = 10.0.40219.1
Project("{FAE04EC0-301F-11D3-BF4B-00C04F79EFBC}") = "Setup_database_for_device", "Setup_database_for_device\Setup_database_for_device.csproj", "{886897B1-0683-435D-AC6B-A8166CC5AF2B}"
EndProject
Global
	GlobalSection(SolutionConfigurationPlatforms) = preSolution
		Debug|Any CPU = Debug|Any CPU
		Release|Any CPU = Release|Any CPU
	EndGlobalSection
	GlobalSection(ProjectConfigurationPlatforms) = postSolution
		{886897B1-0683-435D-AC6B-A8166CC5AF2B}.Debug|Any CPU.ActiveCfg = Debug|Any CPU
		{886897B1-0683-435D-AC6B-A8166CC5AF2B}.Debug|Any CPU.Build.0 = Debug|Any CPU
		{886897B1-0683-435D-AC6B-A8166CC5AF2B}.Release|Any CPU.ActiveCfg = Release|Any CPU
		{886897B1-0683-435D-AC6B-A8166CC5AF2B}.Release|Any CPU.Build.0 = Release|Any CPU
	EndGlobalSection
	GlobalSection(SolutionProperties) = preSolution
		HideSolutionNode = FALSE
	EndGlobalSection
	GlobalSection(ExtensibilityGlobals) = postSolution
		SolutionGuid = {5B99FE73-2470-483B-A381-DF63186A59FC}
	EndGlobalSection
EndGlobal
